<?xml version="1.0" encoding="UTF-8"?>
<Scheme
   LastUpgradeVersion = "0610"
   version = "1.3">
   <BuildAction
      parallelizeBuildables = "YES"
      buildImplicitDependencies = "YES">
      <BuildActionEntries>
         <BuildActionEntry
            buildForTesting = "YES"
            buildForRunning = "YES"
            buildForProfiling = "YES"
            buildForArchiving = "YES"
            buildForAnalyzing = "YES">
            <BuildableReference
               BuildableIdentifier = "primary"
               BlueprintIdentifier = "D1D47CBA1A0321E500D07933"
               BuildableName = "galax"
               BlueprintName = "galax"
               ReferencedContainer = "container:galax.xcodeproj">
            </BuildableReference>
         </BuildActionEntry>
      </BuildActionEntries>
   </BuildAction>
   <TestAction
      buildConfiguration = "Debug"
      selectedDebuggerIdentifier = "Xcode.DebuggerFoundation.Debugger.LLDB"
      selectedLauncherIdentifier = "Xcode.DebuggerFoundation.Launcher.LLDB"
      shouldUseLaunchSchemeArgsEnv = "YES">
      <Testables>
      </Testables>
      <MacroExpansion>
         <BuildableReference
            BuildableIdentifier = "primary"
            BlueprintIdentifier = "D1D47CBA1A0321E500D07933"
            BuildableName = "galax"
            BlueprintName = "galax"
            ReferencedContainer = "container:galax.xcodeproj">
         </BuildableReference>
      </MacroExpansion>
      <AdditionalOptions>
      </AdditionalOptions>
   </TestAction>
   <LaunchAction
      buildConfiguration = "Debug"
      selectedDebuggerIdentifier = "Xcode.DebuggerFoundation.Debugger.LLDB"
      selectedLauncherIdentifier = "Xcode.DebuggerFoundation.Launcher.LLDB"
      launchStyle = "0"
      useCustomWorkingDirectory = "YES"
      customWorkingDirectory = "/Users/plewis/Documents/manuscripts/to-be-written/bayesinfo/manuscript/secondtry/supplementary/5taxa/output/nsites1000"
      ignoresPersistentStateOnLaunch = "NO"
      debugDocumentVersioning = "YES"
      debugServiceExtension = "internal"
      allowLocationSimulation = "YES">
      <BuildableProductRunnable
         runnableDebuggingMode = "0">
         <BuildableReference
            BuildableIdentifier = "primary"
            BlueprintIdentifier = "D1D47CBA1A0321E500D07933"
            BuildableName = "galax"
            BlueprintName = "galax"
            ReferencedContainer = "container:galax.xcodeproj">
         </BuildableReference>
      </BuildableProductRunnable>
      <CommandLineArguments>
         <CommandLineArgument
            argument = "--listfile"
            isEnabled = "YES">
         </CommandLineArgument>
         <CommandLineArgument
            argument = "galax.txt"
            isEnabled = "YES">
         </CommandLineArgument>
         <CommandLineArgument
            argument = "--skip"
            isEnabled = "YES">
         </CommandLineArgument>
         <CommandLineArgument
            argument = "1113"
            isEnabled = "YES">
         </CommandLineArgument>
         <CommandLineArgument
            argument = "--details"
            isEnabled = "YES">
         </CommandLineArgument>
         <CommandLineArgument
            argument = "--outfile"
            isEnabled = "YES">
         </CommandLineArgument>
         <CommandLineArgument
            argument = "doofus"
            isEnabled = "YES">
         </CommandLineArgument>
      </CommandLineArguments>
      <EnvironmentVariables>
         <EnvironmentVariable
            key = "DYLD_LIBRARY_PATH"
            value = "$(BOOST_ROOT)/stage/lib"
            isEnabled = "YES">
         </EnvironmentVariable>
      </EnvironmentVariables>
      <AdditionalOptions>
      </AdditionalOptions>
   </LaunchAction>
   <ProfileAction
      buildConfiguration = "Release"
      shouldUseLaunchSchemeArgsEnv = "YES"
      savedToolIdentifier = ""
      useCustomWorkingDirectory = "NO"
      debugDocumentVersioning = "YES">
      <BuildableProductRunnable
         runnableDebuggingMode = "0">
         <BuildableReference
            BuildableIdentifier = "primary"
            BlueprintIdentifier = "D1D47CBA1A0321E500D07933"
            BuildableName = "galax"
            BlueprintName = "galax"
            ReferencedContainer = "container:galax.xcodeproj">
         </BuildableReference>
      </BuildableProductRunnable>
   </ProfileAction>
   <AnalyzeAction
      buildConfiguration = "Debug">
   </AnalyzeAction>
   <ArchiveAction
      buildConfiguration = "Release"
      revealArchiveInOrganizer = "YES">
   </ArchiveAction>
</Scheme>
