
Microsoft Visual Studio Solution File, Format Version 12.00
# Visual Studio Version 16
VisualStudioVersion = 16.0.30611.23
MinimumVisualStudioVersion = 10.0.40219.1
Project("{8BC9CEB8-8B4A-11D0-8D11-00A0C91BC942}") = "galax-vs2019", "galax-vs2019.vcxproj", "{DD2D4508-F90A-499E-85B6-D8B7B737983A}"
EndProject
Global
	GlobalSection(SolutionConfigurationPlatforms) = preSolution
		Debug|x64 = Debug|x64
		Debug|x86 = Debug|x86
		Release|x64 = Release|x64
		Release|x86 = Release|x86
	EndGlobalSection
	GlobalSection(ProjectConfigurationPlatforms) = postSolution
		{DD2D4508-F90A-499E-85B6-D8B7B737983A}.Debug|x64.ActiveCfg = Debug|x64
		{DD2D4508-F90A-499E-85B6-D8B7B737983A}.Debug|x64.Build.0 = Debug|x64
		{DD2D4508-F90A-499E-85B6-D8B7B737983A}.Debug|x86.ActiveCfg = Debug|Win32
		{DD2D4508-F90A-499E-85B6-D8B7B737983A}.Debug|x86.Build.0 = Debug|Win32
		{DD2D4508-F90A-499E-85B6-D8B7B737983A}.Release|x64.ActiveCfg = Release|x64
		{DD2D4508-F90A-499E-85B6-D8B7B737983A}.Release|x64.Build.0 = Release|x64
		{DD2D4508-F90A-499E-85B6-D8B7B737983A}.Release|x86.ActiveCfg = Release|Win32
		{DD2D4508-F90A-499E-85B6-D8B7B737983A}.Release|x86.Build.0 = Release|Win32
	EndGlobalSection
	GlobalSection(SolutionProperties) = preSolution
		HideSolutionNode = FALSE
	EndGlobalSection
	GlobalSection(ExtensibilityGlobals) = postSolution
		SolutionGuid = {F789820E-873F-410B-87FC-7DCDB4455DEE}
	EndGlobalSection
EndGlobal
